
Microsoft Visual Studio Solution File, Format Version 12.00
# Visual Studio Version 17
VisualStudioVersion = 17.13.35825.156 d17.13
MinimumVisualStudioVersion = 10.0.40219.1
Project("{FAE04EC0-301F-11D3-BF4B-00C04F79EFBC}") = "Swlh.WebApp", "Swlh.WebApp\Swlh.WebApp.csproj", "{0123DEF5-7EC2-4443-BD4E-19B997A42777}"
EndProject
Global
	GlobalSection(SolutionConfigurationPlatforms) = preSolution
		Debug|Any CPU = Debug|Any CPU
		Release|Any CPU = Release|Any CPU
	EndGlobalSection
	GlobalSection(ProjectConfigurationPlatforms) = postSolution
		{0123DEF5-7EC2-4443-BD4E-19B997A42777}.Debug|Any CPU.ActiveCfg = Debug|Any CPU
		{0123DEF5-7EC2-4443-BD4E-19B997A42777}.Debug|Any CPU.Build.0 = Debug|Any CPU
		{0123DEF5-7EC2-4443-BD4E-19B997A42777}.Release|Any CPU.ActiveCfg = Release|Any CPU
		{0123DEF5-7EC2-4443-BD4E-19B997A42777}.Release|Any CPU.Build.0 = Release|Any CPU
	EndGlobalSection
	GlobalSection(SolutionProperties) = preSolution
		HideSolutionNode = FALSE
	EndGlobalSection
	GlobalSection(ExtensibilityGlobals) = postSolution
		SolutionGuid = {6509EBBB-65C2-409F-85DF-9B765D066244}
	EndGlobalSection
EndGlobal
